{
  "name": "seat-monitor",
  "version": "1.0.0",
  "lockfileVersion": 3,
  "requires": true,
  "packages": {
    "": {
      "name": "seat-monitor",
      "version": "1.0.0",
      "license": "MIT",
      "dependencies": {
        "jmespath": "^0.16.0"
      },
      "bin": {
        "seat-monitor": "seat-monitor.js"
      },
      "engines": {
        "node": ">=14.0.0"
      }
    },
    "node_modules/jmespath": {
      "version": "0.16.0",
      "resolved": "https://registry.npmjs.org/jmespath/-/jmespath-0.16.0.tgz",
      "integrity": "sha512-9FzQjJ7MATs1tSpnco1K6ayiYE3figslrXA72G2HQ/n76RzvYlofyi5QM+iX4YRs/pu3yzxlVQSST23+dMDknw==",
      "license": "Apache-2.0",
      "engines": {
        "node": ">= 0.6.0"
      }
    }
  }
}
